github.com/OneOfOne/xxhash v1.2.2/go.mod h1:HSdplMjZKSmBqAxg5vPj2TmRDmfkzw+cTzAElWljhcU=
github.com/cespare/xxhash v1.1.0/go.mod h1:XrSqR1VqqWfGrhpAt58auRo0WTKS1nRRg3ghfAqPWnc=
github.com/dgraph-io/ristretto v0.0.0-20191114170855-99d1bbbf28e6 h1:liDEMz8LbPxfuI8e/noprwccn6gZGv2rN1AgucbxjHs=
github.com/dgraph-io/ristretto v0.0.0-20191114170855-99d1bbbf28e6/go.mod h1:T40EBc7CJke8TkpiYfGGKAeFjSaxuFXhuXRyumBd6RE=
github.com/dgryski/go-farm v0.0.0-20190423205320-6a90982ecee2/go.mod h1:SqUrOPUnsFjfmXRMNPybcSiG0BgUW2AuFH8PAnS2iTw=
github.com/karlmcguire/experiments v0.0.0-20191114214144-fdb9c4e758b5 h1:YEBgorB3qpNcxKXUmfLoTdJJCPt2pG6ET5tzCWw0gJI=
github.com/spaolacci/murmur3 v0.0.0-20180118202830-f09979ecbc72/go.mod h1:JwIasOWyU6f++ZhiEuf87xNszmSA2myDM2Kzu9HwQUA=
