github.com/OneOfOne/xxhash v1.2.2/go.mod h1:HSdplMjZKSmBqAxg5vPj2TmRDmfkzw+cTzAElWljhcU=
github.com/cespare/xxhash v1.1.0 h1:a6HrQnmkObjyL+Gs60czilIUGqrzKutQD6XZog3p+ko=
github.com/cespare/xxhash v1.1.0/go.mod h1:XrSqR1VqqWfGrhpAt58auRo0WTKS1nRRg3ghfAqPWnc=
github.com/karlmcguire/plrum v0.0.0-20191119012423-1de98dc55d1f h1:GnLnH+YqtkXgxuTpSwma+fFsNnZkLMrLYNAiGmR0+eg=
github.com/karlmcguire/plrum v0.0.0-20191119012423-1de98dc55d1f/go.mod h1:napeGYhSBgneG/SYwQApKj0cXsmqKh+H1r/NiBJ9SEs=
github.com/spaolacci/murmur3 v0.0.0-20180118202830-f09979ecbc72/go.mod h1:JwIasOWyU6f++ZhiEuf87xNszmSA2myDM2Kzu9HwQUA=
